
Microsoft Visual Studio Solution File, Format Version 12.00
# Visual Studio Version 16
VisualStudioVersion = 16.0.31019.35
MinimumVisualStudioVersion = 10.0.40219.1
Project("{FAE04EC0-301F-11D3-BF4B-00C04F79EFBC}") = "TEST.Cache", "TEST.Cache\TEST.Cache.csproj", "{ABC512DA-21F7-43FF-AED2-032FD9FF3029}"
EndProject
Global
	GlobalSection(SolutionConfigurationPlatforms) = preSolution
		Debug|Any CPU = Debug|Any CPU
		Release|Any CPU = Release|Any CPU
	EndGlobalSection
	GlobalSection(ProjectConfigurationPlatforms) = postSolution
		{ABC512DA-21F7-43FF-AED2-032FD9FF3029}.Debug|Any CPU.ActiveCfg = Debug|Any CPU
		{ABC512DA-21F7-43FF-AED2-032FD9FF3029}.Debug|Any CPU.Build.0 = Debug|Any CPU
		{ABC512DA-21F7-43FF-AED2-032FD9FF3029}.Release|Any CPU.ActiveCfg = Release|Any CPU
		{ABC512DA-21F7-43FF-AED2-032FD9FF3029}.Release|Any CPU.Build.0 = Release|Any CPU
	EndGlobalSection
	GlobalSection(SolutionProperties) = preSolution
		HideSolutionNode = FALSE
	EndGlobalSection
	GlobalSection(ExtensibilityGlobals) = postSolution
		SolutionGuid = {4749B888-6E78-45AD-9043-86B14B85341D}
	EndGlobalSection
EndGlobal
